
Microsoft Visual Studio Solution File, Format Version 12.00
# Visual Studio Version 17
VisualStudioVersion = 17.5.002.0
MinimumVisualStudioVersion = 10.0.40219.1
Project("{9A19103F-16F7-4668-BE54-9A1E7A4F7556}") = "moduloAPI", "moduloAPI.csproj", "{8375E4DA-F330-493D-ABB3-DDD7EC927AEF}"
EndProject
Global
	GlobalSection(SolutionConfigurationPlatforms) = preSolution
		Debug|Any CPU = Debug|Any CPU
		Release|Any CPU = Release|Any CPU
	EndGlobalSection
	GlobalSection(ProjectConfigurationPlatforms) = postSolution
		{8375E4DA-F330-493D-ABB3-DDD7EC927AEF}.Debug|Any CPU.ActiveCfg = Debug|Any CPU
		{8375E4DA-F330-493D-ABB3-DDD7EC927AEF}.Debug|Any CPU.Build.0 = Debug|Any CPU
		{8375E4DA-F330-493D-ABB3-DDD7EC927AEF}.Release|Any CPU.ActiveCfg = Release|Any CPU
		{8375E4DA-F330-493D-ABB3-DDD7EC927AEF}.Release|Any CPU.Build.0 = Release|Any CPU
	EndGlobalSection
	GlobalSection(SolutionProperties) = preSolution
		HideSolutionNode = FALSE
	EndGlobalSection
	GlobalSection(ExtensibilityGlobals) = postSolution
		SolutionGuid = {AB6FD2C8-0C5A-459D-96E3-46307DF87CA8}
	EndGlobalSection
EndGlobal
